PODS:
  - Alamofire (5.4.1)
  - ImageSlideshow (1.9.2):
    - ImageSlideshow/Core (= 1.9.2)
  - ImageSlideshow/Core (1.9.2)
  - Kingfisher (6.0.0)
  - PryntTrimmerView (4.0.2)
  - SteviaLayout (4.7.3)
  - SwiftLint (0.42.0)
  - Toast-Swift (5.0.1)
  - YPImagePicker (4.4.0):
    - PryntTrimmerView (~> 4.0.2)
    - SteviaLayout (~> 4.7.3)

DEPENDENCIES:
  - Alamofire (~> 5.2)
  - ImageSlideshow (~> 1.9.0)
  - Kingfisher
  - SwiftLint
  - Toast-Swift (~> 5.0.1)
  - YPImagePicker

SPEC REPOS:
  trunk:
    - Alamofire
    - ImageSlideshow
    - Kingfisher
    - PryntTrimmerView
    - SteviaLayout
    - SwiftLint
    - Toast-Swift
    - YPImagePicker

SPEC CHECKSUMS:
  Alamofire: 2291f7d21ca607c491dd17642e5d40fdcda0e65c
  ImageSlideshow: be305b54eaf2b2cfc7a7141c7c734605d44dc07d
  Kingfisher: 13f6e68c928eb50439b5cb2ea75d6035018438ea
  PryntTrimmerView: 6a43cc90df5d99addeabd33d4ba09b1365322130
  SteviaLayout: c2ecdcff57d44e38fd2f65e54ad52aeae28ca0c4
  SwiftLint: 4fa9579c63416865179bc416f0a92d55f009600d
  Toast-Swift: 9b6a70f28b3bf0b96c40d46c0c4b9d6639846711
  YPImagePicker: 15aed8bcaa4dad976e11b6114126d731a2f9f3c9

PODFILE CHECKSUM: 3299f97d064798655c7e590e1b673464c27ba383

COCOAPODS: 1.10.0
